{
  "name": "@walwal-harness/cli",
  "version": "7.1.18",
  "lockfileVersion": 3,
  "requires": true,
  "packages": {
    "": {
      "name": "@walwal-harness/cli",
      "version": "7.1.18",
      "hasInstallScript": true,
      "license": "MIT",
      "dependencies": {
        "@walwal-harness/cli": "^2.5.0"
      },
      "bin": {
        "walwal-harness": "bin/init.js"
      }
    },
    "node_modules/@walwal-harness/cli": {
      "version": "2.5.0",
      "resolved": "https://registry.npmjs.org/@walwal-harness/cli/-/cli-2.5.0.tgz",
      "integrity": "sha512-PRXSJZY4y5SceLC5SCod5wzc1fO7m8uE2OuJNwu7xd7UeFliB3bqS6LSxftvhMY2oryvJHKFASccDcIWeFMLkA==",
      "hasInstallScript": true,
      "license": "MIT",
      "bin": {
        "walwal-harness": "bin/init.js"
      }
    }
  }
}
